
Microsoft Visual Studio Solution File, Format Version 12.00
# Visual Studio Version 16
VisualStudioVersion = 16.0.31321.278
MinimumVisualStudioVersion = 10.0.40219.1
Project("{FAE04EC0-301F-11D3-BF4B-00C04F79EFBC}") = "WPFNetFramerwork", "WPFNetFramerwork\WPFNetFramerwork.csproj", "{4FC5F7E7-CD43-43FB-B5B6-FF3F2D024FF8}"
EndProject
Project("{FAE04EC0-301F-11D3-BF4B-00C04F79EFBC}") = "WPFCore", "WPFCore\WPFCore.csproj", "{25DBEFD8-DB16-4B47-A955-E9A2C5EC465C}"
EndProject
Global
	GlobalSection(SolutionConfigurationPlatforms) = preSolution
		Debug|Any CPU = Debug|Any CPU
		Release|Any CPU = Release|Any CPU
	EndGlobalSection
	GlobalSection(ProjectConfigurationPlatforms) = postSolution
		{4FC5F7E7-CD43-43FB-B5B6-FF3F2D024FF8}.Debug|Any CPU.ActiveCfg = Debug|Any CPU
		{4FC5F7E7-CD43-43FB-B5B6-FF3F2D024FF8}.Debug|Any CPU.Build.0 = Debug|Any CPU
		{4FC5F7E7-CD43-43FB-B5B6-FF3F2D024FF8}.Release|Any CPU.ActiveCfg = Release|Any CPU
		{4FC5F7E7-CD43-43FB-B5B6-FF3F2D024FF8}.Release|Any CPU.Build.0 = Release|Any CPU
		{25DBEFD8-DB16-4B47-A955-E9A2C5EC465C}.Debug|Any CPU.ActiveCfg = Debug|Any CPU
		{25DBEFD8-DB16-4B47-A955-E9A2C5EC465C}.Debug|Any CPU.Build.0 = Debug|Any CPU
		{25DBEFD8-DB16-4B47-A955-E9A2C5EC465C}.Release|Any CPU.ActiveCfg = Release|Any CPU
		{25DBEFD8-DB16-4B47-A955-E9A2C5EC465C}.Release|Any CPU.Build.0 = Release|Any CPU
	EndGlobalSection
	GlobalSection(SolutionProperties) = preSolution
		HideSolutionNode = FALSE
	EndGlobalSection
	GlobalSection(ExtensibilityGlobals) = postSolution
		SolutionGuid = {0BE90333-0012-4193-B9BA-181D01F5B598}
	EndGlobalSection
EndGlobal
